
Microsoft Visual Studio Solution File, Format Version 12.00
# Visual Studio 2012
Project("{FAE04EC0-301F-11D3-BF4B-00C04F79EFBC}") = "GF.Core", "GF.Core\GF.Core.csproj", "{52B219FB-2D2E-4492-AF9C-A252656C6CC2}"
EndProject
Project("{FAE04EC0-301F-11D3-BF4B-00C04F79EFBC}") = "GF.Data", "GF.Data\GF.Data.csproj", "{B3A2D7F0-413D-4421-A903-31DE99D7F0C2}"
EndProject
Project("{FAE04EC0-301F-11D3-BF4B-00C04F79EFBC}") = "GF.Logic", "GF.Logic\GF.Logic.csproj", "{52FE7D8D-D8EC-4524-B6F5-DAF20A8AEE8B}"
EndProject
Project("{FAE04EC0-301F-11D3-BF4B-00C04F79EFBC}") = "GF.Web", "GF.Web\GF.Web.csproj", "{AF88533E-D906-4778-B974-0327D1E5277D}"
EndProject
Global
	GlobalSection(SolutionConfigurationPlatforms) = preSolution
		Debug|Any CPU = Debug|Any CPU
		Release|Any CPU = Release|Any CPU
	EndGlobalSection
	GlobalSection(ProjectConfigurationPlatforms) = postSolution
		{52B219FB-2D2E-4492-AF9C-A252656C6CC2}.Debug|Any CPU.ActiveCfg = Debug|Any CPU
		{52B219FB-2D2E-4492-AF9C-A252656C6CC2}.Debug|Any CPU.Build.0 = Debug|Any CPU
		{52B219FB-2D2E-4492-AF9C-A252656C6CC2}.Release|Any CPU.ActiveCfg = Release|Any CPU
		{52B219FB-2D2E-4492-AF9C-A252656C6CC2}.Release|Any CPU.Build.0 = Release|Any CPU
		{B3A2D7F0-413D-4421-A903-31DE99D7F0C2}.Debug|Any CPU.ActiveCfg = Debug|Any CPU
		{B3A2D7F0-413D-4421-A903-31DE99D7F0C2}.Debug|Any CPU.Build.0 = Debug|Any CPU
		{B3A2D7F0-413D-4421-A903-31DE99D7F0C2}.Release|Any CPU.ActiveCfg = Release|Any CPU
		{B3A2D7F0-413D-4421-A903-31DE99D7F0C2}.Release|Any CPU.Build.0 = Release|Any CPU
		{52FE7D8D-D8EC-4524-B6F5-DAF20A8AEE8B}.Debug|Any CPU.ActiveCfg = Debug|Any CPU
		{52FE7D8D-D8EC-4524-B6F5-DAF20A8AEE8B}.Debug|Any CPU.Build.0 = Debug|Any CPU
		{52FE7D8D-D8EC-4524-B6F5-DAF20A8AEE8B}.Release|Any CPU.ActiveCfg = Release|Any CPU
		{52FE7D8D-D8EC-4524-B6F5-DAF20A8AEE8B}.Release|Any CPU.Build.0 = Release|Any CPU
		{AF88533E-D906-4778-B974-0327D1E5277D}.Debug|Any CPU.ActiveCfg = Debug|Any CPU
		{AF88533E-D906-4778-B974-0327D1E5277D}.Debug|Any CPU.Build.0 = Debug|Any CPU
		{AF88533E-D906-4778-B974-0327D1E5277D}.Release|Any CPU.ActiveCfg = Release|Any CPU
		{AF88533E-D906-4778-B974-0327D1E5277D}.Release|Any CPU.Build.0 = Release|Any CPU
	EndGlobalSection
	GlobalSection(SolutionProperties) = preSolution
		HideSolutionNode = FALSE
	EndGlobalSection
EndGlobal
